// !$*UTF8*$!
{
	archiveVersion = 1;
	classes = {
	};
	objectVersion = 46;
	objects = {

/* Begin PBXBuildFile section */
		9D03092D1B9AB84000BB8295 /* AppDelegate.swift in Sources */ = {isa = PBXBuildFile; fileRef = 9D03092C1B9AB84000BB8295 /* AppDelegate.swift */; };
		9D03092F1B9AB84000BB8295 /* ViewController.swift in Sources */ = {isa = PBXBuildFile; fileRef = 9D03092E1B9AB84000BB8295 /* ViewController.swift */; };
		9D0309321B9AB84000BB8295 /* Main.storyboard in Resources */ = {isa = PBXBuildFile; fileRef = 9D0309301B9AB84000BB8295 /* Main.storyboard */; };
		9D0309341B9AB84000BB8295 /* Assets.xcassets in Resources */ = {isa = PBXBuildFile; fileRef = 9D0309331B9AB84000BB8295 /* Assets.xcassets */; };
		9D0309371B9AB84000BB8295 /* LaunchScreen.storyboard in Resources */ = {isa = PBXBuildFile; fileRef = 9D0309351B9AB84000BB8295 /* LaunchScreen.storyboard */; };
		9D0309421B9AB84000BB8295 /* HiiFiveTests.swift in Sources */ = {isa = PBXBuildFile; fileRef = 9D0309411B9AB84000BB8295 /* HiiFiveTests.swift */; };
		9D03094D1B9AB84000BB8295 /* HiiFiveUITests.swift in Sources */ = {isa = PBXBuildFile; fileRef = 9D03094C1B9AB84000BB8295 /* HiiFiveUITests.swift */; };
		9D03095F1B9AB98200BB8295 /* AudioToolbox.framework in Frameworks */ = {isa = PBXBuildFile; fileRef = 9D03095E1B9AB98200BB8295 /* AudioToolbox.framework */; };
		9D0309611B9ABADA00BB8295 /* CFNetwork.framework in Frameworks */ = {isa = PBXBuildFile; fileRef = 9D0309601B9ABADA00BB8295 /* CFNetwork.framework */; };
		9D0309631B9ABB2500BB8295 /* CoreGraphics.framework in Frameworks */ = {isa = PBXBuildFile; fileRef = 9D0309621B9ABB2500BB8295 /* CoreGraphics.framework */; };
		9D0309671B9ABB3300BB8295 /* QuartzCore.framework in Frameworks */ = {isa = PBXBuildFile; fileRef = 9D0309661B9ABB3300BB8295 /* QuartzCore.framework */; };
		9D0309691B9ABB3A00BB8295 /* Security.framework in Frameworks */ = {isa = PBXBuildFile; fileRef = 9D0309681B9ABB3A00BB8295 /* Security.framework */; };
		9D03096B1B9ABB4300BB8295 /* StoreKit.framework in Frameworks */ = {isa = PBXBuildFile; fileRef = 9D03096A1B9ABB4300BB8295 /* StoreKit.framework */; };
		9D03096D1B9ABB4B00BB8295 /* SystemConfiguration.framework in Frameworks */ = {isa = PBXBuildFile; fileRef = 9D03096C1B9ABB4B00BB8295 /* SystemConfiguration.framework */; };
		9D03096F1B9ABB6800BB8295 /* Accounts.framework in Frameworks */ = {isa = PBXBuildFile; fileRef = 9D03096E1B9ABB6800BB8295 /* Accounts.framework */; };
		9D0309751B9AE0F500BB8295 /* RegisterPageViewController.swift in Sources */ = {isa = PBXBuildFile; fileRef = 9D0309741B9AE0F500BB8295 /* RegisterPageViewController.swift */; settings = {ASSET_TAGS = (); }; };
		9D0309771B9AECD400BB8295 /* LoginViewController.swift in Sources */ = {isa = PBXBuildFile; fileRef = 9D0309761B9AECD400BB8295 /* LoginViewController.swift */; settings = {ASSET_TAGS = (); }; };
		9D0309791B9B2EA800BB8295 /* MainViewController.swift in Sources */ = {isa = PBXBuildFile; fileRef = 9D0309781B9B2EA800BB8295 /* MainViewController.swift */; settings = {ASSET_TAGS = (); }; };
		ACF4A4371B9B21FF0023E3FD /* Bolts.framework in Frameworks */ = {isa = PBXBuildFile; fileRef = ACF4A4351B9B21FF0023E3FD /* Bolts.framework */; settings = {ASSET_TAGS = (); }; };
		ACF4A4381B9B21FF0023E3FD /* Parse.framework in Frameworks */ = {isa = PBXBuildFile; fileRef = ACF4A4361B9B21FF0023E3FD /* Parse.framework */; settings = {ASSET_TAGS = (); }; };
		ACF4A43A1B9B247B0023E3FD /* CoreLocationController.swift in Sources */ = {isa = PBXBuildFile; fileRef = ACF4A4391B9B247B0023E3FD /* CoreLocationController.swift */; settings = {ASSET_TAGS = (); }; };
		EE103ED41B9BD62300101271 /* background.jpeg in Resources */ = {isa = PBXBuildFile; fileRef = EE103ED31B9BD62300101271 /* background.jpeg */; };
		EE103ED61B9BFBDD00101271 /* NotificationTableViewController.swift in Sources */ = {isa = PBXBuildFile; fileRef = EE103ED51B9BFBDD00101271 /* NotificationTableViewController.swift */; };
		EE103ED81B9C005C00101271 /* NotificationTableViewCellController.swift in Sources */ = {isa = PBXBuildFile; fileRef = EE103ED71B9C005C00101271 /* NotificationTableViewCellController.swift */; };
		EE4464E31B9B5F89009863F1 /* CoreLocation.framework in Frameworks */ = {isa = PBXBuildFile; fileRef = EE4464DF1B9B5250009863F1 /* CoreLocation.framework */; };
		EE4464E51B9B6F6D009863F1 /* pennappslogo.png in Resources */ = {isa = PBXBuildFile; fileRef = EE4464E41B9B6F6D009863F1 /* pennappslogo.png */; };
/* End PBXBuildFile section */

/* Begin PBXContainerItemProxy section */
		9D03093E1B9AB84000BB8295 /* PBXContainerItemProxy */ = {
			isa = PBXContainerItemProxy;
			containerPortal = 9D0309211B9AB84000BB8295 /* Project object */;
			proxyType = 1;
			remoteGlobalIDString = 9D0309281B9AB84000BB8295;
			remoteInfo = HiiFive;
		};
		9D0309491B9AB84000BB8295 /* PBXContainerItemProxy */ = {
			isa = PBXContainerItemProxy;
			containerPortal = 9D0309211B9AB84000BB8295 /* Project object */;
			proxyType = 1;
			remoteGlobalIDString = 9D0309281B9AB84000BB8295;
			remoteInfo = HiiFive;
		};
/* End PBXContainerItemProxy section */

/* Begin PBXFileReference section */
		9D0309291B9AB84000BB8295 /* HiiFive.app */ = {isa = PBXFileReference; explicitFileType = wrapper.application; includeInIndex = 0; path = HiiFive.app; sourceTree = BUILT_PRODUCTS_DIR; };
		9D03092C1B9AB84000BB8295 /* AppDelegate.swift */ = {isa = PBXFileReference; lastKnownFileType = sourcecode.swift; path = AppDelegate.swift; sourceTree = "<group>"; };
		9D03092E1B9AB84000BB8295 /* ViewController.swift */ = {isa = PBXFileReference; lastKnownFileType = sourcecode.swift; path = ViewController.swift; sourceTree = "<group>"; };
		9D0309311B9AB84000BB8295 /* Base */ = {isa = PBXFileReference; lastKnownFileType = file.storyboard; name = Base; path = Base.lproj/Main.storyboard; sourceTree = "<group>"; };
		9D0309331B9AB84000BB8295 /* Assets.xcassets */ = {isa = PBXFileReference; lastKnownFileType = folder.assetcatalog; path = Assets.xcassets; sourceTree = "<group>"; };
		9D0309361B9AB84000BB8295 /* Base */ = {isa = PBXFileReference; lastKnownFileType = file.storyboard; name = Base; path = Base.lproj/LaunchScreen.storyboard; sourceTree = "<group>"; };
		9D0309381B9AB84000BB8295 /* Info.plist */ = {isa = PBXFileReference; lastKnownFileType = text.plist.xml; path = Info.plist; sourceTree = "<group>"; };
		9D03093D1B9AB84000BB8295 /* HiiFiveTests.xctest */ = {isa = PBXFileReference; explicitFileType = wrapper.cfbundle; includeInIndex = 0; path = HiiFiveTests.xctest; sourceTree = BUILT_PRODUCTS_DIR; };
		9D0309411B9AB84000BB8295 /* HiiFiveTests.swift */ = {isa = PBXFileReference; lastKnownFileType = sourcecode.swift; path = HiiFiveTests.swift; sourceTree = "<group>"; };
		9D0309431B9AB84000BB8295 /* Info.plist */ = {isa = PBXFileReference; lastKnownFileType = text.plist.xml; path = Info.plist; sourceTree = "<group>"; };
		9D0309481B9AB84000BB8295 /* HiiFiveUITests.xctest */ = {isa = PBXFileReference; explicitFileType = wrapper.cfbundle; includeInIndex = 0; path = HiiFiveUITests.xctest; sourceTree = BUILT_PRODUCTS_DIR; };
		9D03094C1B9AB84000BB8295 /* HiiFiveUITests.swift */ = {isa = PBXFileReference; lastKnownFileType = sourcecode.swift; path = HiiFiveUITests.swift; sourceTree = "<group>"; };
		9D03094E1B9AB84000BB8295 /* Info.plist */ = {isa = PBXFileReference; lastKnownFileType = text.plist.xml; path = Info.plist; sourceTree = "<group>"; };
		9D03095E1B9AB98200BB8295 /* AudioToolbox.framework */ = {isa = PBXFileReference; lastKnownFileType = wrapper.framework; name = AudioToolbox.framework; path = System/Library/Frameworks/AudioToolbox.framework; sourceTree = SDKROOT; };
		9D0309601B9ABADA00BB8295 /* CFNetwork.framework */ = {isa = PBXFileReference; lastKnownFileType = wrapper.framework; name = CFNetwork.framework; path = System/Library/Frameworks/CFNetwork.framework; sourceTree = SDKROOT; };
		9D0309621B9ABB2500BB8295 /* CoreGraphics.framework */ = {isa = PBXFileReference; lastKnownFileType = wrapper.framework; name = CoreGraphics.framework; path = System/Library/Frameworks/CoreGraphics.framework; sourceTree = SDKROOT; };
		9D0309661B9ABB3300BB8295 /* QuartzCore.framework */ = {isa = PBXFileReference; lastKnownFileType = wrapper.framework; name = QuartzCore.framework; path = System/Library/Frameworks/QuartzCore.framework; sourceTree = SDKROOT; };
		9D0309681B9ABB3A00BB8295 /* Security.framework */ = {isa = PBXFileReference; lastKnownFileType = wrapper.framework; name = Security.framework; path = System/Library/Frameworks/Security.framework; sourceTree = SDKROOT; };
		9D03096A1B9ABB4300BB8295 /* StoreKit.framework */ = {isa = PBXFileReference; lastKnownFileType = wrapper.framework; name = StoreKit.framework; path = System/Library/Frameworks/StoreKit.framework; sourceTree = SDKROOT; };
		9D03096C1B9ABB4B00BB8295 /* SystemConfiguration.framework */ = {isa = PBXFileReference; lastKnownFileType = wrapper.framework; name = SystemConfiguration.framework; path = System/Library/Frameworks/SystemConfiguration.framework; sourceTree = SDKROOT; };
		9D03096E1B9ABB6800BB8295 /* Accounts.framework */ = {isa = PBXFileReference; lastKnownFileType = wrapper.framework; name = Accounts.framework; path = System/Library/Frameworks/Accounts.framework; sourceTree = SDKROOT; };
		9D0309741B9AE0F500BB8295 /* RegisterPageViewController.swift */ = {isa = PBXFileReference; fileEncoding = 4; lastKnownFileType = sourcecode.swift; path = RegisterPageViewController.swift; sourceTree = "<group>"; };
		9D0309761B9AECD400BB8295 /* LoginViewController.swift */ = {isa = PBXFileReference; fileEncoding = 4; lastKnownFileType = sourcecode.swift; path = LoginViewController.swift; sourceTree = "<group>"; };
		9D0309781B9B2EA800BB8295 /* MainViewController.swift */ = {isa = PBXFileReference; fileEncoding = 4; lastKnownFileType = sourcecode.swift; path = MainViewController.swift; sourceTree = "<group>"; };
		ACF4A4351B9B21FF0023E3FD /* Bolts.framework */ = {isa = PBXFileReference; lastKnownFileType = wrapper.framework; path = Bolts.framework; sourceTree = "<group>"; };
		ACF4A4361B9B21FF0023E3FD /* Parse.framework */ = {isa = PBXFileReference; lastKnownFileType = wrapper.framework; path = Parse.framework; sourceTree = "<group>"; };
		ACF4A4391B9B247B0023E3FD /* CoreLocationController.swift */ = {isa = PBXFileReference; fileEncoding = 4; lastKnownFileType = sourcecode.swift; path = CoreLocationController.swift; sourceTree = "<group>"; };
		EE103ED31B9BD62300101271 /* background.jpeg */ = {isa = PBXFileReference; lastKnownFileType = image.jpeg; path = background.jpeg; sourceTree = "<group>"; };
		EE103ED51B9BFBDD00101271 /* NotificationTableViewController.swift */ = {isa = PBXFileReference; fileEncoding = 4; lastKnownFileType = sourcecode.swift; path = NotificationTableViewController.swift; sourceTree = "<group>"; };
		EE103ED71B9C005C00101271 /* NotificationTableViewCellController.swift */ = {isa = PBXFileReference; fileEncoding = 4; lastKnownFileType = sourcecode.swift; path = NotificationTableViewCellController.swift; sourceTree = "<group>"; };
		EE4464DF1B9B5250009863F1 /* CoreLocation.framework */ = {isa = PBXFileReference; lastKnownFileType = wrapper.framework; name = CoreLocation.framework; path = ../CoreLocation.framework; sourceTree = "<group>"; };
		EE4464E41B9B6F6D009863F1 /* pennappslogo.png */ = {isa = PBXFileReference; lastKnownFileType = image.png; name = pennappslogo.png; path = "hhfive graphics/pennappslogo.png"; sourceTree = "<group>"; };
/* End PBXFileReference section */

/* Begin PBXFrameworksBuildPhase section */
		9D0309261B9AB84000BB8295 /* Frameworks */ = {
			isa = PBXFrameworksBuildPhase;
			buildActionMask = 2147483647;
			files = (
				9D0309671B9ABB3300BB8295 /* QuartzCore.framework in Frameworks */,
				9D03096F1B9ABB6800BB8295 /* Accounts.framework in Frameworks */,
				ACF4A4371B9B21FF0023E3FD /* Bolts.framework in Frameworks */,
				9D03096D1B9ABB4B00BB8295 /* SystemConfiguration.framework in Frameworks */,
				9D03096B1B9ABB4300BB8295 /* StoreKit.framework in Frameworks */,
				ACF4A4381B9B21FF0023E3FD /* Parse.framework in Frameworks */,
				EE4464E31B9B5F89009863F1 /* CoreLocation.framework in Frameworks */,
				9D0309691B9ABB3A00BB8295 /* Security.framework in Frameworks */,
				9D0309631B9ABB2500BB8295 /* CoreGraphics.framework in Frameworks */,
				9D0309611B9ABADA00BB8295 /* CFNetwork.framework in Frameworks */,
				9D03095F1B9AB98200BB8295 /* AudioToolbox.framework in Frameworks */,
			);
			runOnlyForDeploymentPostprocessing = 0;
		};
		9D03093A1B9AB84000BB8295 /* Frameworks */ = {
			isa = PBXFrameworksBuildPhase;
			buildActionMask = 2147483647;
			files = (
			);
			runOnlyForDeploymentPostprocessing = 0;
		};
		9D0309451B9AB84000BB8295 /* Frameworks */ = {
			isa = PBXFrameworksBuildPhase;
			buildActionMask = 2147483647;
			files = (
			);
			runOnlyForDeploymentPostprocessing = 0;
		};
/* End PBXFrameworksBuildPhase section */

/* Begin PBXGroup section */
		9D0309201B9AB84000BB8295 = {
			isa = PBXGroup;
			children = (
				EE4464E41B9B6F6D009863F1 /* pennappslogo.png */,
				EE103ED31B9BD62300101271 /* background.jpeg */,
				EE4464DF1B9B5250009863F1 /* CoreLocation.framework */,
				ACF4A4351B9B21FF0023E3FD /* Bolts.framework */,
				ACF4A4361B9B21FF0023E3FD /* Parse.framework */,
				9D03096E1B9ABB6800BB8295 /* Accounts.framework */,
				9D03096C1B9ABB4B00BB8295 /* SystemConfiguration.framework */,
				9D03096A1B9ABB4300BB8295 /* StoreKit.framework */,
				9D0309681B9ABB3A00BB8295 /* Security.framework */,
				9D0309661B9ABB3300BB8295 /* QuartzCore.framework */,
				9D0309621B9ABB2500BB8295 /* CoreGraphics.framework */,
				9D0309601B9ABADA00BB8295 /* CFNetwork.framework */,
				9D03095E1B9AB98200BB8295 /* AudioToolbox.framework */,
				9D03092B1B9AB84000BB8295 /* HiiFive */,
				9D0309401B9AB84000BB8295 /* HiiFiveTests */,
				9D03094B1B9AB84000BB8295 /* HiiFiveUITests */,
				9D03092A1B9AB84000BB8295 /* Products */,
			);
			sourceTree = "<group>";
		};
		9D03092A1B9AB84000BB8295 /* Products */ = {
			isa = PBXGroup;
			children = (
				9D0309291B9AB84000BB8295 /* HiiFive.app */,
				9D03093D1B9AB84000BB8295 /* HiiFiveTests.xctest */,
				9D0309481B9AB84000BB8295 /* HiiFiveUITests.xctest */,
			);
			name = Products;
			sourceTree = "<group>";
		};
		9D03092B1B9AB84000BB8295 /* HiiFive */ = {
			isa = PBXGroup;
			children = (
				9D03092C1B9AB84000BB8295 /* AppDelegate.swift */,
				9D03092E1B9AB84000BB8295 /* ViewController.swift */,
				ACF4A4391B9B247B0023E3FD /* CoreLocationController.swift */,
				9D0309301B9AB84000BB8295 /* Main.storyboard */,
				EE103ED51B9BFBDD00101271 /* NotificationTableViewController.swift */,
				9D0309331B9AB84000BB8295 /* Assets.xcassets */,
				9D0309351B9AB84000BB8295 /* LaunchScreen.storyboard */,
				9D0309381B9AB84000BB8295 /* Info.plist */,
				9D0309741B9AE0F500BB8295 /* RegisterPageViewController.swift */,
				9D0309761B9AECD400BB8295 /* LoginViewController.swift */,
				9D0309781B9B2EA800BB8295 /* MainViewController.swift */,
				EE103ED71B9C005C00101271 /* NotificationTableViewCellController.swift */,
			);
			path = HiiFive;
			sourceTree = "<group>";
		};
		9D0309401B9AB84000BB8295 /* HiiFiveTests */ = {
			isa = PBXGroup;
			children = (
				9D0309411B9AB84000BB8295 /* HiiFiveTests.swift */,
				9D0309431B9AB84000BB8295 /* Info.plist */,
			);
			path = HiiFiveTests;
			sourceTree = "<group>";
		};
		9D03094B1B9AB84000BB8295 /* HiiFiveUITests */ = {
			isa = PBXGroup;
			children = (
				9D03094C1B9AB84000BB8295 /* HiiFiveUITests.swift */,
				9D03094E1B9AB84000BB8295 /* Info.plist */,
			);
			path = HiiFiveUITests;
			sourceTree = "<group>";
		};
/* End PBXGroup section */

/* Begin PBXNativeTarget section */
		9D0309281B9AB84000BB8295 /* HiiFive */ = {
			isa = PBXNativeTarget;
			buildConfigurationList = 9D0309511B9AB84000BB8295 /* Build configuration list for PBXNativeTarget "HiiFive" */;
			buildPhases = (
				9D0309251B9AB84000BB8295 /* Sources */,
				9D0309261B9AB84000BB8295 /* Frameworks */,
				9D0309271B9AB84000BB8295 /* Resources */,
			);
			buildRules = (
			);
			dependencies = (
			);
			name = HiiFive;
			productName = HiiFive;
			productReference = 9D0309291B9AB84000BB8295 /* HiiFive.app */;
			productType = "com.apple.product-type.application";
		};
		9D03093C1B9AB84000BB8295 /* HiiFiveTests */ = {
			isa = PBXNativeTarget;
			buildConfigurationList = 9D0309541B9AB84000BB8295 /* Build configuration list for PBXNativeTarget "HiiFiveTests" */;
			buildPhases = (
				9D0309391B9AB84000BB8295 /* Sources */,
				9D03093A1B9AB84000BB8295 /* Frameworks */,
				9D03093B1B9AB84000BB8295 /* Resources */,
			);
			buildRules = (
			);
			dependencies = (
				9D03093F1B9AB84000BB8295 /* PBXTargetDependency */,
			);
			name = HiiFiveTests;
			productName = HiiFiveTests;
			productReference = 9D03093D1B9AB84000BB8295 /* HiiFiveTests.xctest */;
			productType = "com.apple.product-type.bundle.unit-test";
		};
		9D0309471B9AB84000BB8295 /* HiiFiveUITests */ = {
			isa = PBXNativeTarget;
			buildConfigurationList = 9D0309571B9AB84000BB8295 /* Build configuration list for PBXNativeTarget "HiiFiveUITests" */;
			buildPhases = (
				9D0309441B9AB84000BB8295 /* Sources */,
				9D0309451B9AB84000BB8295 /* Frameworks */,
				9D0309461B9AB84000BB8295 /* Resources */,
			);
			buildRules = (
			);
			dependencies = (
				9D03094A1B9AB84000BB8295 /* PBXTargetDependency */,
			);
			name = HiiFiveUITests;
			productName = HiiFiveUITests;
			productReference = 9D0309481B9AB84000BB8295 /* HiiFiveUITests.xctest */;
			productType = "com.apple.product-type.bundle.ui-testing";
		};
/* End PBXNativeTarget section */

/* Begin PBXProject section */
		9D0309211B9AB84000BB8295 /* Project object */ = {
			isa = PBXProject;
			attributes = {
				LastSwiftUpdateCheck = 0700;
				LastUpgradeCheck = 0700;
				ORGANIZATIONNAME = NKCH;
				TargetAttributes = {
					9D0309281B9AB84000BB8295 = {
						CreatedOnToolsVersion = 7.0;
						DevelopmentTeam = GJ983GN5BM;
					};
					9D03093C1B9AB84000BB8295 = {
						CreatedOnToolsVersion = 7.0;
						DevelopmentTeam = 984B6A6L5U;
						TestTargetID = 9D0309281B9AB84000BB8295;
					};
					9D0309471B9AB84000BB8295 = {
						CreatedOnToolsVersion = 7.0;
						DevelopmentTeam = 984B6A6L5U;
						TestTargetID = 9D0309281B9AB84000BB8295;
					};
				};
			};
			buildConfigurationList = 9D0309241B9AB84000BB8295 /* Build configuration list for PBXProject "HiiFive" */;
			compatibilityVersion = "Xcode 3.2";
			developmentRegion = English;
			hasScannedForEncodings = 0;
			knownRegions = (
				en,
				Base,
			);
			mainGroup = 9D0309201B9AB84000BB8295;
			productRefGroup = 9D03092A1B9AB84000BB8295 /* Products */;
			projectDirPath = "";
			projectRoot = "";
			targets = (
				9D0309281B9AB84000BB8295 /* HiiFive */,
				9D03093C1B9AB84000BB8295 /* HiiFiveTests */,
				9D0309471B9AB84000BB8295 /* HiiFiveUITests */,
			);
		};
/* End PBXProject section */

/* Begin PBXResourcesBuildPhase section */
		9D0309271B9AB84000BB8295 /* Resources */ = {
			isa = PBXResourcesBuildPhase;
			buildActionMask = 2147483647;
			files = (
				9D0309371B9AB84000BB8295 /* LaunchScreen.storyboard in Resources */,
				EE4464E51B9B6F6D009863F1 /* pennappslogo.png in Resources */,
				9D0309341B9AB84000BB8295 /* Assets.xcassets in Resources */,
				9D0309321B9AB84000BB8295 /* Main.storyboard in Resources */,
				EE103ED41B9BD62300101271 /* background.jpeg in Resources */,
			);
			runOnlyForDeploymentPostprocessing = 0;
		};
		9D03093B1B9AB84000BB8295 /* Resources */ = {
			isa = PBXResourcesBuildPhase;
			buildActionMask = 2147483647;
			files = (
			);
			runOnlyForDeploymentPostprocessing = 0;
		};
		9D0309461B9AB84000BB8295 /* Resources */ = {
			isa = PBXResourcesBuildPhase;
			buildActionMask = 2147483647;
			files = (
			);
			runOnlyForDeploymentPostprocessing = 0;
		};
/* End PBXResourcesBuildPhase section */

/* Begin PBXSourcesBuildPhase section */
		9D0309251B9AB84000BB8295 /* Sources */ = {
			isa = PBXSourcesBuildPhase;
			buildActionMask = 2147483647;
			files = (
				ACF4A43A1B9B247B0023E3FD /* CoreLocationController.swift in Sources */,
				9D0309771B9AECD400BB8295 /* LoginViewController.swift in Sources */,
				EE103ED81B9C005C00101271 /* NotificationTableViewCellController.swift in Sources */,
				EE103ED61B9BFBDD00101271 /* NotificationTableViewController.swift in Sources */,
				9D03092F1B9AB84000BB8295 /* ViewController.swift in Sources */,
				9D0309791B9B2EA800BB8295 /* MainViewController.swift in Sources */,
				9D03092D1B9AB84000BB8295 /* AppDelegate.swift in Sources */,
				9D0309751B9AE0F500BB8295 /* RegisterPageViewController.swift in Sources */,
			);
			runOnlyForDeploymentPostprocessing = 0;
		};
		9D0309391B9AB84000BB8295 /* Sources */ = {
			isa = PBXSourcesBuildPhase;
			buildActionMask = 2147483647;
			files = (
				9D0309421B9AB84000BB8295 /* HiiFiveTests.swift in Sources */,
			);
			runOnlyForDeploymentPostprocessing = 0;
		};
		9D0309441B9AB84000BB8295 /* Sources */ = {
			isa = PBXSourcesBuildPhase;
			buildActionMask = 2147483647;
			files = (
				9D03094D1B9AB84000BB8295 /* HiiFiveUITests.swift in Sources */,
			);
			runOnlyForDeploymentPostprocessing = 0;
		};
/* End PBXSourcesBuildPhase section */

/* Begin PBXTargetDependency section */
		9D03093F1B9AB84000BB8295 /* PBXTargetDependency */ = {
			isa = PBXTargetDependency;
			target = 9D0309281B9AB84000BB8295 /* HiiFive */;
			targetProxy = 9D03093E1B9AB84000BB8295 /* PBXContainerItemProxy */;
		};
		9D03094A1B9AB84000BB8295 /* PBXTargetDependency */ = {
			isa = PBXTargetDependency;
			target = 9D0309281B9AB84000BB8295 /* HiiFive */;
			targetProxy = 9D0309491B9AB84000BB8295 /* PBXContainerItemProxy */;
		};
/* End PBXTargetDependency section */

/* Begin PBXVariantGroup section */
		9D0309301B9AB84000BB8295 /* Main.storyboard */ = {
			isa = PBXVariantGroup;
			children = (
				9D0309311B9AB84000BB8295 /* Base */,
			);
			name = Main.storyboard;
			sourceTree = "<group>";
		};
		9D0309351B9AB84000BB8295 /* LaunchScreen.storyboard */ = {
			isa = PBXVariantGroup;
			children = (
				9D0309361B9AB84000BB8295 /* Base */,
			);
			name = LaunchScreen.storyboard;
			sourceTree = "<group>";
		};
/* End PBXVariantGroup section */

/* Begin XCBuildConfiguration section */
		9D03094F1B9AB84000BB8295 /* Debug */ = {
			isa = XCBuildConfiguration;
			buildSettings = {
				ALWAYS_SEARCH_USER_PATHS = NO;
				CLANG_CXX_LANGUAGE_STANDARD = "gnu++0x";
				CLANG_CXX_LIBRARY = "libc++";
				CLANG_ENABLE_MODULES = YES;
				CLANG_ENABLE_OBJC_ARC = YES;
				CLANG_WARN_BOOL_CONVERSION = YES;
				CLANG_WARN_CONSTANT_CONVERSION = YES;
				CLANG_WARN_DIRECT_OBJC_ISA_USAGE = YES_ERROR;
				CLANG_WARN_EMPTY_BODY = YES;
				CLANG_WARN_ENUM_CONVERSION = YES;
				CLANG_WARN_INT_CONVERSION = YES;
				CLANG_WARN_OBJC_ROOT_CLASS = YES_ERROR;
				CLANG_WARN_UNREACHABLE_CODE = YES;
				CLANG_WARN__DUPLICATE_METHOD_MATCH = YES;
				"CODE_SIGN_IDENTITY[sdk=iphoneos*]" = "iPhone Developer";
				COPY_PHASE_STRIP = NO;
				DEBUG_INFORMATION_FORMAT = dwarf;
				ENABLE_STRICT_OBJC_MSGSEND = YES;
				ENABLE_TESTABILITY = YES;
				GCC_C_LANGUAGE_STANDARD = gnu99;
				GCC_DYNAMIC_NO_PIC = NO;
				GCC_NO_COMMON_BLOCKS = YES;
				GCC_OPTIMIZATION_LEVEL = 0;
				GCC_PREPROCESSOR_DEFINITIONS = (
					"DEBUG=1",
					"$(inherited)",
				);
				GCC_WARN_64_TO_32_BIT_CONVERSION = YES;
				GCC_WARN_ABOUT_RETURN_TYPE = YES_ERROR;
				GCC_WARN_UNDECLARED_SELECTOR = YES;
				GCC_WARN_UNINITIALIZED_AUTOS = YES_AGGRESSIVE;
				GCC_WARN_UNUSED_FUNCTION = YES;
				GCC_WARN_UNUSED_VARIABLE = YES;
				IPHONEOS_DEPLOYMENT_TARGET = 9.0;
				MTL_ENABLE_DEBUG_INFO = YES;
				ONLY_ACTIVE_ARCH = YES;
				SDKROOT = iphoneos;
				SWIFT_OPTIMIZATION_LEVEL = "-Onone";
			};
			name = Debug;
		};
		9D0309501B9AB84000BB8295 /* Release */ = {
			isa = XCBuildConfiguration;
			buildSettings = {
				ALWAYS_SEARCH_USER_PATHS = NO;
				CLANG_CXX_LANGUAGE_STANDARD = "gnu++0x";
				CLANG_CXX_LIBRARY = "libc++";
				CLANG_ENABLE_MODULES = YES;
				CLANG_ENABLE_OBJC_ARC = YES;
				CLANG_WARN_BOOL_CONVERSION = YES;
				CLANG_WARN_CONSTANT_CONVERSION = YES;
				CLANG_WARN_DIRECT_OBJC_ISA_USAGE = YES_ERROR;
				CLANG_WARN_EMPTY_BODY = YES;
				CLANG_WARN_ENUM_CONVERSION = YES;
				CLANG_WARN_INT_CONVERSION = YES;
				CLANG_WARN_OBJC_ROOT_CLASS = YES_ERROR;
				CLANG_WARN_UNREACHABLE_CODE = YES;
				CLANG_WARN__DUPLICATE_METHOD_MATCH = YES;
				"CODE_SIGN_IDENTITY[sdk=iphoneos*]" = "iPhone Developer";
				COPY_PHASE_STRIP = NO;
				DEBUG_INFORMATION_FORMAT = "dwarf-with-dsym";
				ENABLE_NS_ASSERTIONS = NO;
				ENABLE_STRICT_OBJC_MSGSEND = YES;
				GCC_C_LANGUAGE_STANDARD = gnu99;
				GCC_NO_COMMON_BLOCKS = YES;
				GCC_WARN_64_TO_32_BIT_CONVERSION = YES;
				GCC_WARN_ABOUT_RETURN_TYPE = YES_ERROR;
				GCC_WARN_UNDECLARED_SELECTOR = YES;
				GCC_WARN_UNINITIALIZED_AUTOS = YES_AGGRESSIVE;
				GCC_WARN_UNUSED_FUNCTION = YES;
				GCC_WARN_UNUSED_VARIABLE = YES;
				IPHONEOS_DEPLOYMENT_TARGET = 9.0;
				MTL_ENABLE_DEBUG_INFO = NO;
				SDKROOT = iphoneos;
				VALIDATE_PRODUCT = YES;
			};
			name = Release;
		};
		9D0309521B9AB84000BB8295 /* Debug */ = {
			isa = XCBuildConfiguration;
			buildSettings = {
				ASSETCATALOG_COMPILER_APPICON_NAME = AppIcon;
				CODE_SIGN_IDENTITY = "iPhone Developer";
				"CODE_SIGN_IDENTITY[sdk=iphoneos*]" = "iPhone Developer";
				ENABLE_BITCODE = NO;
				FRAMEWORK_SEARCH_PATHS = (
					"$(inherited)",
					"$(PROJECT_DIR)",
				);
				INFOPLIST_FILE = HiiFive/Info.plist;
				IPHONEOS_DEPLOYMENT_TARGET = 8.1;
				LD_RUNPATH_SEARCH_PATHS = "$(inherited) @executable_path/Frameworks";
				OTHER_LDFLAGS = (
					"-lsqlite3.0",
					"-lz",
				);
				PRODUCT_BUNDLE_IDENTIFIER = com.example.HiiFive;
				PRODUCT_NAME = "$(TARGET_NAME)";
				PROVISIONING_PROFILE = "";
			};
			name = Debug;
		};
		9D0309531B9AB84000BB8295 /* Release */ = {
			isa = XCBuildConfiguration;
			buildSettings = {
				ASSETCATALOG_COMPILER_APPICON_NAME = AppIcon;
				CODE_SIGN_IDENTITY = "iPhone Developer";
				"CODE_SIGN_IDENTITY[sdk=iphoneos*]" = "iPhone Developer";
				ENABLE_BITCODE = NO;
				FRAMEWORK_SEARCH_PATHS = (
					"$(inherited)",
					"$(PROJECT_DIR)",
				);
				INFOPLIST_FILE = HiiFive/Info.plist;
				IPHONEOS_DEPLOYMENT_TARGET = 8.1;
				LD_RUNPATH_SEARCH_PATHS = "$(inherited) @executable_path/Frameworks";
				OTHER_LDFLAGS = (
					"-lsqlite3.0",
					"-lz",
				);
				PRODUCT_BUNDLE_IDENTIFIER = com.example.HiiFive;
				PRODUCT_NAME = "$(TARGET_NAME)";
				PROVISIONING_PROFILE = "";
			};
			name = Release;
		};
		9D0309551B9AB84000BB8295 /* Debug */ = {
			isa = XCBuildConfiguration;
			buildSettings = {
				BUNDLE_LOADER = "$(TEST_HOST)";
				CODE_SIGN_IDENTITY = "iPhone Developer: Kelly Slump (TJH7964V6X)";
				INFOPLIST_FILE = HiiFiveTests/Info.plist;
				LD_RUNPATH_SEARCH_PATHS = "$(inherited) @executable_path/Frameworks @loader_path/Frameworks";
				PRODUCT_BUNDLE_IDENTIFIER = com.NKCH.HiiFiveTests;
				PRODUCT_NAME = "$(TARGET_NAME)";
				TEST_HOST = "$(BUILT_PRODUCTS_DIR)/HiiFive.app/HiiFive";
			};
			name = Debug;
		};
		9D0309561B9AB84000BB8295 /* Release */ = {
			isa = XCBuildConfiguration;
			buildSettings = {
				BUNDLE_LOADER = "$(TEST_HOST)";
				CODE_SIGN_IDENTITY = "iPhone Developer: Kelly Slump (TJH7964V6X)";
				INFOPLIST_FILE = HiiFiveTests/Info.plist;
				LD_RUNPATH_SEARCH_PATHS = "$(inherited) @executable_path/Frameworks @loader_path/Frameworks";
				PRODUCT_BUNDLE_IDENTIFIER = com.NKCH.HiiFiveTests;
				PRODUCT_NAME = "$(TARGET_NAME)";
				TEST_HOST = "$(BUILT_PRODUCTS_DIR)/HiiFive.app/HiiFive";
			};
			name = Release;
		};
		9D0309581B9AB84000BB8295 /* Debug */ = {
			isa = XCBuildConfiguration;
			buildSettings = {
				INFOPLIST_FILE = HiiFiveUITests/Info.plist;
				LD_RUNPATH_SEARCH_PATHS = "$(inherited) @executable_path/Frameworks @loader_path/Frameworks";
				PRODUCT_BUNDLE_IDENTIFIER = com.NKCH.HiiFiveUITests;
				PRODUCT_NAME = "$(TARGET_NAME)";
				TEST_TARGET_NAME = HiiFive;
				USES_XCTRUNNER = YES;
			};
			name = Debug;
		};
		9D0309591B9AB84000BB8295 /* Release */ = {
			isa = XCBuildConfiguration;
			buildSettings = {
				INFOPLIST_FILE = HiiFiveUITests/Info.plist;
				LD_RUNPATH_SEARCH_PATHS = "$(inherited) @executable_path/Frameworks @loader_path/Frameworks";
				PRODUCT_BUNDLE_IDENTIFIER = com.NKCH.HiiFiveUITests;
				PRODUCT_NAME = "$(TARGET_NAME)";
				TEST_TARGET_NAME = HiiFive;
				USES_XCTRUNNER = YES;
			};
			name = Release;
		};
/* End XCBuildConfiguration section */

/* Begin XCConfigurationList section */
		9D0309241B9AB84000BB8295 /* Build configuration list for PBXProject "HiiFive" */ = {
			isa = XCConfigurationList;
			buildConfigurations = (
				9D03094F1B9AB84000BB8295 /* Debug */,
				9D0309501B9AB84000BB8295 /* Release */,
			);
			defaultConfigurationIsVisible = 0;
			defaultConfigurationName = Release;
		};
		9D0309511B9AB84000BB8295 /* Build configuration list for PBXNativeTarget "HiiFive" */ = {
			isa = XCConfigurationList;
			buildConfigurations = (
				9D0309521B9AB84000BB8295 /* Debug */,
				9D0309531B9AB84000BB8295 /* Release */,
			);
			defaultConfigurationIsVisible = 0;
			defaultConfigurationName = Release;
		};
		9D0309541B9AB84000BB8295 /* Build configuration list for PBXNativeTarget "HiiFiveTests" */ = {
			isa = XCConfigurationList;
			buildConfigurations = (
				9D0309551B9AB84000BB8295 /* Debug */,
				9D0309561B9AB84000BB8295 /* Release */,
			);
			defaultConfigurationIsVisible = 0;
			defaultConfigurationName = Release;
		};
		9D0309571B9AB84000BB8295 /* Build configuration list for PBXNativeTarget "HiiFiveUITests" */ = {
			isa = XCConfigurationList;
			buildConfigurations = (
				9D0309581B9AB84000BB8295 /* Debug */,
				9D0309591B9AB84000BB8295 /* Release */,
			);
			defaultConfigurationIsVisible = 0;
			defaultConfigurationName = Release;
		};
/* End XCConfigurationList section */
	};
	rootObject = 9D0309211B9AB84000BB8295 /* Project object */;
}
